
Microsoft Visual Studio Solution File, Format Version 12.00
# Visual Studio Version 17
VisualStudioVersion = 17.6.33829.357
MinimumVisualStudioVersion = 10.0.40219.1
Project("{9A19103F-16F7-4668-BE54-9A1E7A4F7556}") = "EatonTest.API", "EatonTest\EatonTest.API.csproj", "{8EE2671B-7537-4E29-A4ED-302EE0C50B05}"
EndProject
Project("{FAE04EC0-301F-11D3-BF4B-00C04F79EFBC}") = "EatonTest.IntegrationTests", "EatonTest.IntegrationTests\EatonTest.IntegrationTests.csproj", "{EE5765C8-ECF2-4CC6-BA14-A755B65C1BD2}"
EndProject
Project("{2150E333-8FDC-42A3-9474-1A3956D46DE8}") = "Solution Items", "Solution Items", "{BFB102FD-127B-4E7A-81D6-A6E314D5BE65}"
	ProjectSection(SolutionItems) = preProject
		Readme.md = Readme.md
	EndProjectSection
EndProject
Global
	GlobalSection(SolutionConfigurationPlatforms) = preSolution
		Debug|Any CPU = Debug|Any CPU
		Release|Any CPU = Release|Any CPU
	EndGlobalSection
	GlobalSection(ProjectConfigurationPlatforms) = postSolution
		{8EE2671B-7537-4E29-A4ED-302EE0C50B05}.Debug|Any CPU.ActiveCfg = Debug|Any CPU
		{8EE2671B-7537-4E29-A4ED-302EE0C50B05}.Debug|Any CPU.Build.0 = Debug|Any CPU
		{8EE2671B-7537-4E29-A4ED-302EE0C50B05}.Release|Any CPU.ActiveCfg = Release|Any CPU
		{8EE2671B-7537-4E29-A4ED-302EE0C50B05}.Release|Any CPU.Build.0 = Release|Any CPU
		{EE5765C8-ECF2-4CC6-BA14-A755B65C1BD2}.Debug|Any CPU.ActiveCfg = Debug|Any CPU
		{EE5765C8-ECF2-4CC6-BA14-A755B65C1BD2}.Debug|Any CPU.Build.0 = Debug|Any CPU
		{EE5765C8-ECF2-4CC6-BA14-A755B65C1BD2}.Release|Any CPU.ActiveCfg = Release|Any CPU
		{EE5765C8-ECF2-4CC6-BA14-A755B65C1BD2}.Release|Any CPU.Build.0 = Release|Any CPU
	EndGlobalSection
	GlobalSection(SolutionProperties) = preSolution
		HideSolutionNode = FALSE
	EndGlobalSection
	GlobalSection(ExtensibilityGlobals) = postSolution
		SolutionGuid = {9F399082-CC76-4B56-B13E-43B959C6080E}
	EndGlobalSection
EndGlobal
